
Microsoft Visual Studio Solution File, Format Version 12.00
# Visual Studio Version 16
VisualStudioVersion = 16.0.31229.75
MinimumVisualStudioVersion = 10.0.40219.1
Project("{FAE04EC0-301F-11D3-BF4B-00C04F79EFBC}") = "LogicalApps", "LogicalApps\LogicalApps.csproj", "{722C16F9-E4FC-4B25-9A63-21AC336B551E}"
EndProject
Project("{2150E333-8FDC-42A3-9474-1A3956D46DE8}") = "SQLQueries", "SQLQueries", "{3F1A8C71-2501-415D-927C-40626422A3C4}"
	ProjectSection(SolutionItems) = preProject
		Queries.sql = Queries.sql
	EndProjectSection
EndProject
Project("{9A19103F-16F7-4668-BE54-9A1E7A4F7556}") = "InmarWebApiTest", "InmarWebApiTest\InmarWebApiTest.csproj", "{0C765162-7B11-4EC1-82C0-F1E838C5DEC9}"
EndProject
Global
	GlobalSection(SolutionConfigurationPlatforms) = preSolution
		Debug|Any CPU = Debug|Any CPU
		Release|Any CPU = Release|Any CPU
	EndGlobalSection
	GlobalSection(ProjectConfigurationPlatforms) = postSolution
		{722C16F9-E4FC-4B25-9A63-21AC336B551E}.Debug|Any CPU.ActiveCfg = Debug|Any CPU
		{722C16F9-E4FC-4B25-9A63-21AC336B551E}.Debug|Any CPU.Build.0 = Debug|Any CPU
		{722C16F9-E4FC-4B25-9A63-21AC336B551E}.Release|Any CPU.ActiveCfg = Release|Any CPU
		{722C16F9-E4FC-4B25-9A63-21AC336B551E}.Release|Any CPU.Build.0 = Release|Any CPU
		{0C765162-7B11-4EC1-82C0-F1E838C5DEC9}.Debug|Any CPU.ActiveCfg = Debug|Any CPU
		{0C765162-7B11-4EC1-82C0-F1E838C5DEC9}.Debug|Any CPU.Build.0 = Debug|Any CPU
		{0C765162-7B11-4EC1-82C0-F1E838C5DEC9}.Release|Any CPU.ActiveCfg = Release|Any CPU
		{0C765162-7B11-4EC1-82C0-F1E838C5DEC9}.Release|Any CPU.Build.0 = Release|Any CPU
	EndGlobalSection
	GlobalSection(SolutionProperties) = preSolution
		HideSolutionNode = FALSE
	EndGlobalSection
	GlobalSection(ExtensibilityGlobals) = postSolution
		SolutionGuid = {F87CE3EC-AB6C-4E44-A6A3-A1072FA31AEA}
	EndGlobalSection
EndGlobal
